# THIS IS AN AUTOGENERATED FILE. DO NOT EDIT THIS FILE DIRECTLY.
# yarn lockfile v1


"@babel/runtime@^7.0.0", "@babel/runtime@^7.9.2":
  version "7.18.9"
  resolved "https://registry.yarnpkg.com/@babel/runtime/-/runtime-7.18.9.tgz#b4fcfce55db3d2e5e080d2490f608a3b9f407f4a"
  integrity sha512-lkqXDcvlFT5rvEjiu6+QYO+1GXrEHRo2LOtS7E4GtX5ESIZOgepqsZBVIj6Pv+a6zqsya9VCgiK1KAK4BvJDAw==
  dependencies:
    regenerator-runtime "^0.13.4"

"@react-dnd/asap@^4.0.0":
  version "4.0.1"
  resolved "https://registry.yarnpkg.com/@react-dnd/asap/-/asap-4.0.1.tgz#5291850a6b58ce6f2da25352a64f1b0674871aab"
  integrity sha512-kLy0PJDDwvwwTXxqTFNAAllPHD73AycE9ypWeln/IguoGBEbvFcPDbCV03G52bEcC5E+YgupBE0VzHGdC8SIXg==

"@react-dnd/invariant@^2.0.0":
  version "2.0.0"
  resolved "https://registry.yarnpkg.com/@react-dnd/invariant/-/invariant-2.0.0.tgz#09d2e81cd39e0e767d7da62df9325860f24e517e"
  integrity sha512-xL4RCQBCBDJ+GRwKTFhGUW8GXa4yoDfJrPbLblc3U09ciS+9ZJXJ3Qrcs/x2IODOdIE5kQxvMmE2UKyqUictUw==

"@react-dnd/shallowequal@^2.0.0":
  version "2.0.0"
  resolved "https://registry.yarnpkg.com/@react-dnd/shallowequal/-/shallowequal-2.0.0.tgz#a3031eb54129f2c66b2753f8404266ec7bf67f0a"
  integrity sha512-Pc/AFTdwZwEKJxFJvlxrSmGe/di+aAOBn60sremrpLo6VI/6cmiUYNNwlI5KNYttg7uypzA3ILPMPgxB2GYZEg==

dnd-core@14.0.1:
  version "14.0.1"
  resolved "https://registry.yarnpkg.com/dnd-core/-/dnd-core-14.0.1.tgz#76d000e41c494983210fb20a48b835f81a203c2e"
  integrity sha512-+PVS2VPTgKFPYWo3vAFEA8WPbTf7/xo43TifH9G8S1KqnrQu0o77A3unrF5yOugy4mIz7K5wAVFHUcha7wsz6A==
  dependencies:
    "@react-dnd/asap" "^4.0.0"
    "@react-dnd/invariant" "^2.0.0"
    redux "^4.1.1"

fast-deep-equal@^3.1.3:
  version "3.1.3"
  resolved "https://registry.yarnpkg.com/fast-deep-equal/-/fast-deep-equal-3.1.3.tgz#3a7d56b559d6cbc3eb512325244e619a65c6c525"
  integrity sha512-f3qQ9oQy9j2AhBe/H9VC91wLmKBCCU/gDOnKNAYG5hswO7BLKj09Hc5HYNz9cGI++xlpDCIgDaitVs03ATR84Q==

git-cz@^4.9.0:
  version "4.9.0"
  resolved "https://registry.yarnpkg.com/git-cz/-/git-cz-4.9.0.tgz#c0604ff85b37046d51fd85e265040032c9617bf2"
  integrity sha512-cSRL8IIOXU7UFLdbziCYqg8f8InwLwqHezkiRHNSph7oZqGv0togId1kMTfKil6gzK0VaSXeVBb4oDl0fQCHiw==

hoist-non-react-statics@^3.3.2:
  version "3.3.2"
  resolved "https://registry.yarnpkg.com/hoist-non-react-statics/-/hoist-non-react-statics-3.3.2.tgz#ece0acaf71d62c2969c2ec59feff42a4b1a85b45"
  integrity sha512-/gGivxi8JPKWNm/W0jSmzcMPpfpPLc3dY/6GxhX2hQ9iGj3aDfklV4ET7NjKpSinLpJ5vafa9iiGIEZg10SfBw==
  dependencies:
    react-is "^16.7.0"

"memoize-one@>=3.1.1 <6":
  version "5.2.1"
  resolved "https://registry.yarnpkg.com/memoize-one/-/memoize-one-5.2.1.tgz#8337aa3c4335581839ec01c3d594090cebe8f00e"
  integrity sha512-zYiwtZUcYyXKo/np96AGZAckk+FWWsUdJ3cHGGmld7+AhvcWmQyGCYUh1hc4Q/pkOhb65dQR/pqCyK0cOaHz4Q==

memoize-one@^6.0.0:
  version "6.0.0"
  resolved "https://registry.yarnpkg.com/memoize-one/-/memoize-one-6.0.0.tgz#b2591b871ed82948aee4727dc6abceeeac8c1045"
  integrity sha512-rkpe71W0N0c0Xz6QD0eJETuWAJGnJ9afsl1srmwPrI+yBCkge5EycXXbYRyvL29zZVUWQCY7InPRCv3GDXuZNw==

react-arborist@^1.2.0:
  version "1.2.0"
  resolved "https://registry.yarnpkg.com/react-arborist/-/react-arborist-1.2.0.tgz#f228a66b361d841e82e86ca1f5b4f7ff8739deda"
  integrity sha512-XVQisGeKQP7xVP71mw+PhAG0dVHFTDopw6qu+QvUiqukyLq5XFLdX6XS9cf56bSpb1zIMz6Gh+Fl/OcqlkgUsg==
  dependencies:
    memoize-one "^6.0.0"
    react-dnd "^14.0.3"
    react-dnd-html5-backend "^14.0.1"
    react-window "^1.8.6"

react-dnd-html5-backend@^14.0.1:
  version "14.1.0"
  resolved "https://registry.yarnpkg.com/react-dnd-html5-backend/-/react-dnd-html5-backend-14.1.0.tgz#b35a3a0c16dd3a2bfb5eb7ec62cf0c2cace8b62f"
  integrity sha512-6ONeqEC3XKVf4eVmMTe0oPds+c5B9Foyj8p/ZKLb7kL2qh9COYxiBHv3szd6gztqi/efkmriywLUVlPotqoJyw==
  dependencies:
    dnd-core "14.0.1"

react-dnd@^14.0.3:
  version "14.0.5"
  resolved "https://registry.yarnpkg.com/react-dnd/-/react-dnd-14.0.5.tgz#ecf264e220ae62e35634d9b941502f3fca0185ed"
  integrity sha512-9i1jSgbyVw0ELlEVt/NkCUkxy1hmhJOkePoCH713u75vzHGyXhPDm28oLfc2NMSBjZRM1Y+wRjHXJT3sPrTy+A==
  dependencies:
    "@react-dnd/invariant" "^2.0.0"
    "@react-dnd/shallowequal" "^2.0.0"
    dnd-core "14.0.1"
    fast-deep-equal "^3.1.3"
    hoist-non-react-statics "^3.3.2"

react-is@^16.7.0:
  version "16.13.1"
  resolved "https://registry.yarnpkg.com/react-is/-/react-is-16.13.1.tgz#789729a4dc36de2999dc156dd6c1d9c18cea56a4"
  integrity sha512-24e6ynE2H+OKt4kqsOvNd8kBpV65zoxbA4BVsEOB3ARVWQki/DHzaUoC5KuON/BiccDaCCTZBuOcfZs70kR8bQ==

react-window@^1.8.6:
  version "1.8.7"
  resolved "https://registry.yarnpkg.com/react-window/-/react-window-1.8.7.tgz#5e9fd0d23f48f432d7022cdb327219353a15f0d4"
  integrity sha512-JHEZbPXBpKMmoNO1bNhoXOOLg/ujhL/BU4IqVU9r8eQPcy5KQnGHIHDRkJ0ns9IM5+Aq5LNwt3j8t3tIrePQzA==
  dependencies:
    "@babel/runtime" "^7.0.0"
    memoize-one ">=3.1.1 <6"

redux@^4.1.1:
  version "4.2.0"
  resolved "https://registry.yarnpkg.com/redux/-/redux-4.2.0.tgz#46f10d6e29b6666df758780437651eeb2b969f13"
  integrity sha512-oSBmcKKIuIR4ME29/AeNUnl5L+hvBq7OaJWzaptTQJAntaPvxIJqfnjbaEiCzzaIz+XmVILfqAM3Ob0aXLPfjA==
  dependencies:
    "@babel/runtime" "^7.9.2"

regenerator-runtime@^0.13.4:
  version "0.13.9"
  resolved "https://registry.yarnpkg.com/regenerator-runtime/-/regenerator-runtime-0.13.9.tgz#8925742a98ffd90814988d7566ad30ca3b263b52"
  integrity sha512-p3VT+cOEgxFsRRA9X4lkI1E+k2/CtnKtU4gcxyaCUreilL/vqI6CdZ3wxVUx3UOUg+gnUOQQcRI7BmSI656MYA==

typescript@^4.7.2:
  version "4.7.2"
  resolved "https://registry.yarnpkg.com/typescript/-/typescript-4.7.2.tgz#1f9aa2ceb9af87cca227813b4310fff0b51593c4"
  integrity sha512-Mamb1iX2FDUpcTRzltPxgWMKy3fhg0TN378ylbktPGPK/99KbDtMQ4W1hwgsbPAsG3a0xKa1vmw4VKZQbkvz5A==
